
Microsoft Visual Studio Solution File, Format Version 12.00
# Visual Studio Version 17
VisualStudioVersion = 17.14.36401.2
MinimumVisualStudioVersion = 10.0.40219.1
Project("{8BC9CEB8-8B4A-11D0-8D11-00A0C91BC942}") = "Program", "Program.vcxproj", "{534B726C-3D92-4DCE-9215-244223D369A7}"
EndProject
Project("{8BC9CEB8-8B4A-11D0-8D11-00A0C91BC942}") = "Class1th (stream)", "..\Class1th (stream)\Class1th (stream).vcxproj", "{10564C68-8D30-4937-A881-EBE4EFE333E8}"
EndProject
Project("{8BC9CEB8-8B4A-11D0-8D11-00A0C91BC942}") = "Class2th (Class)", "..\Class2th (Class)\Class2th (Class).vcxproj", "{C147EEC7-BAC2-4CF0-A2B5-42B367733CE4}"
EndProject
Project("{8BC9CEB8-8B4A-11D0-8D11-00A0C91BC942}") = "Class4th (Inheritance)", "..\Class4th (Inheritance)\Class4th (Inheritance).vcxproj", "{84C59A13-5276-4F15-A68A-E0564DB9E2FB}"
EndProject
Project("{8BC9CEB8-8B4A-11D0-8D11-00A0C91BC942}") = "Class5th (Polymorphism)", "..\Class5th (Polymorphism)\Class5th (Polymorphism).vcxproj", "{4D505ED1-B3FA-41B1-B2CE-E8FF3DDE5426}"
EndProject
Global
	GlobalSection(SolutionConfigurationPlatforms) = preSolution
		Debug|x64 = Debug|x64
		Debug|x86 = Debug|x86
		Release|x64 = Release|x64
		Release|x86 = Release|x86
	EndGlobalSection
	GlobalSection(ProjectConfigurationPlatforms) = postSolution
		{534B726C-3D92-4DCE-9215-244223D369A7}.Debug|x64.ActiveCfg = Debug|x64
		{534B726C-3D92-4DCE-9215-244223D369A7}.Debug|x64.Build.0 = Debug|x64
		{534B726C-3D92-4DCE-9215-244223D369A7}.Debug|x86.ActiveCfg = Debug|Win32
		{534B726C-3D92-4DCE-9215-244223D369A7}.Debug|x86.Build.0 = Debug|Win32
		{534B726C-3D92-4DCE-9215-244223D369A7}.Release|x64.ActiveCfg = Release|x64
		{534B726C-3D92-4DCE-9215-244223D369A7}.Release|x64.Build.0 = Release|x64
		{534B726C-3D92-4DCE-9215-244223D369A7}.Release|x86.ActiveCfg = Release|Win32
		{534B726C-3D92-4DCE-9215-244223D369A7}.Release|x86.Build.0 = Release|Win32
		{10564C68-8D30-4937-A881-EBE4EFE333E8}.Debug|x64.ActiveCfg = Debug|x64
		{10564C68-8D30-4937-A881-EBE4EFE333E8}.Debug|x64.Build.0 = Debug|x64
		{10564C68-8D30-4937-A881-EBE4EFE333E8}.Debug|x86.ActiveCfg = Debug|Win32
		{10564C68-8D30-4937-A881-EBE4EFE333E8}.Debug|x86.Build.0 = Debug|Win32
		{10564C68-8D30-4937-A881-EBE4EFE333E8}.Release|x64.ActiveCfg = Release|x64
		{10564C68-8D30-4937-A881-EBE4EFE333E8}.Release|x64.Build.0 = Release|x64
		{10564C68-8D30-4937-A881-EBE4EFE333E8}.Release|x86.ActiveCfg = Release|Win32
		{10564C68-8D30-4937-A881-EBE4EFE333E8}.Release|x86.Build.0 = Release|Win32
		{C147EEC7-BAC2-4CF0-A2B5-42B367733CE4}.Debug|x64.ActiveCfg = Debug|x64
		{C147EEC7-BAC2-4CF0-A2B5-42B367733CE4}.Debug|x64.Build.0 = Debug|x64
		{C147EEC7-BAC2-4CF0-A2B5-42B367733CE4}.Debug|x86.ActiveCfg = Debug|Win32
		{C147EEC7-BAC2-4CF0-A2B5-42B367733CE4}.Debug|x86.Build.0 = Debug|Win32
		{C147EEC7-BAC2-4CF0-A2B5-42B367733CE4}.Release|x64.ActiveCfg = Release|x64
		{C147EEC7-BAC2-4CF0-A2B5-42B367733CE4}.Release|x64.Build.0 = Release|x64
		{C147EEC7-BAC2-4CF0-A2B5-42B367733CE4}.Release|x86.ActiveCfg = Release|Win32
		{C147EEC7-BAC2-4CF0-A2B5-42B367733CE4}.Release|x86.Build.0 = Release|Win32
		{84C59A13-5276-4F15-A68A-E0564DB9E2FB}.Debug|x64.ActiveCfg = Debug|x64
		{84C59A13-5276-4F15-A68A-E0564DB9E2FB}.Debug|x64.Build.0 = Debug|x64
		{84C59A13-5276-4F15-A68A-E0564DB9E2FB}.Debug|x86.ActiveCfg = Debug|Win32
		{84C59A13-5276-4F15-A68A-E0564DB9E2FB}.Debug|x86.Build.0 = Debug|Win32
		{84C59A13-5276-4F15-A68A-E0564DB9E2FB}.Release|x64.ActiveCfg = Release|x64
		{84C59A13-5276-4F15-A68A-E0564DB9E2FB}.Release|x64.Build.0 = Release|x64
		{84C59A13-5276-4F15-A68A-E0564DB9E2FB}.Release|x86.ActiveCfg = Release|Win32
		{84C59A13-5276-4F15-A68A-E0564DB9E2FB}.Release|x86.Build.0 = Release|Win32
		{4D505ED1-B3FA-41B1-B2CE-E8FF3DDE5426}.Debug|x64.ActiveCfg = Debug|x64
		{4D505ED1-B3FA-41B1-B2CE-E8FF3DDE5426}.Debug|x64.Build.0 = Debug|x64
		{4D505ED1-B3FA-41B1-B2CE-E8FF3DDE5426}.Debug|x86.ActiveCfg = Debug|Win32
		{4D505ED1-B3FA-41B1-B2CE-E8FF3DDE5426}.Debug|x86.Build.0 = Debug|Win32
		{4D505ED1-B3FA-41B1-B2CE-E8FF3DDE5426}.Release|x64.ActiveCfg = Release|x64
		{4D505ED1-B3FA-41B1-B2CE-E8FF3DDE5426}.Release|x64.Build.0 = Release|x64
		{4D505ED1-B3FA-41B1-B2CE-E8FF3DDE5426}.Release|x86.ActiveCfg = Release|Win32
		{4D505ED1-B3FA-41B1-B2CE-E8FF3DDE5426}.Release|x86.Build.0 = Release|Win32
	EndGlobalSection
	GlobalSection(SolutionProperties) = preSolution
		HideSolutionNode = FALSE
	EndGlobalSection
	GlobalSection(ExtensibilityGlobals) = postSolution
		SolutionGuid = {D110FBEB-4457-4C5F-806D-C0233146FEB5}
	EndGlobalSection
EndGlobal
